# tollens manifest - estado DESEJADO de ~/.claude
# gerado por install/manifest.sh; conferido por install/verify.sh
# tipo	origem	destino	sha256
hook	control/hooks/artifact-discipline.sh	hooks/artifact-discipline.sh	d08667e9c177029658bc069542fa5fe8077f415fdc25134dbd4867b4eef783b8
hook	control/hooks/fable-guard.sh	hooks/fable-guard.sh	8d4a0cb16ec0ca7fc5d7db8c73eec32d601a0c4848be4bf7590021255add277b
hook	control/hooks/risk-trigger.sh	hooks/risk-trigger.sh	61a4c713fe597ee78ababa4441e9326f4c2de7448fcee4ff46d429541588827c
hook	control/hooks/self-mod-audit.sh	hooks/self-mod-audit.sh	6267201c3434ce7a8f77cf50216a96bb303ce9abcedb0153558dbf001681fe0c
hook	control/hooks/session-integrity.sh	hooks/session-integrity.sh	794144edae7a6aebd2b8cd69230b04b2906ac3539089e426a0407ca0df1a6a3c
hook	execution/hooks/ds4-notify.sh	hooks/ds4-notify.sh	6cd9d9d53491c91b2fd7f6701cb69d424a41fb66647d74d4990d7208bf883b26
hook	execution/hooks/graphify-scout-mode.sh	hooks/graphify-scout-mode.sh	76b8954fb91719b35ee14ba443724ec80399f5713760813723bc5a80e8d6a84d
hook	execution/hooks/lentes.sh	hooks/lentes.sh	06a7085ac89f505953e5402572678e38506d6318df9f1d44bfc4b970afa6390f
hook	execution/hooks/output-budget.sh	hooks/output-budget.sh	62a321cc6b504d2f2520a7ff8db045cb765671eb530dc5827fba206e8b0c3fcb
hook	execution/hooks/poka-yoke-lint.sh	hooks/poka-yoke-lint.sh	1fc83e6b1c085de08588722c3b05cbd97bd4045ac5c6fefb445d520ffb636981
hook	execution/hooks/read-budget.sh	hooks/read-budget.sh	a4d7a5c50820ba0560d64a0dccdd991bd983939dbdb09403083b17d1cb3ea40f
hook	evidence/hooks/subagent-contract.sh	hooks/subagent-contract.sh	adcbddb4b1fdee0f684da7a876e2413cae9271ba315b74599b931c62f5daad68
hook	evidence/hooks/subagent-probe.sh	hooks/subagent-probe.sh	9dd4623a90042f2beada89177e4619b78bed5582154bd6c8878cb54d82c3567a
hook	evidence/hooks/verify-gate.sh	hooks/verify-gate.sh	486427303de84d23e5e0e8da06151ad1c7107bb3841a721144a61cd7c96dd3c2
agent	execution/agents/analista-fluxos.md	agents/analista-fluxos.md	6d1988c58ab889efb1fbf0bca699b6cd256729f37d7aa766712049c75b8a22c9
agent	execution/agents/analista-otimalidade.md	agents/analista-otimalidade.md	69f3e0db13c53e25994e0be09fcbee654196b5c289c2d22113270d68f133b4f1
agent	execution/agents/auditor-seguranca.md	agents/auditor-seguranca.md	741f1a83317d485e8e3ac4f1fc3488a1187b72e526b9662e357904291dc019e4
agent	execution/agents/implementador.md	agents/implementador.md	2c20c15f057b380ce4289e1e4e6d203df809b3c75cd968a1673370fafe0ff7b4
agent	execution/agents/investigador.md	agents/investigador.md	f9e9fcc17eb2f98c5e6af2bd061c370868a9b82a0e0c48a1c34ed7401194f713
agent	execution/agents/mapeador-dependencias.md	agents/mapeador-dependencias.md	191c3c7932ecda64b603ffdf6510279a5b23d8bdb9bc9c68fcb17e2b8f1f47d8
agent	execution/agents/refutador.md	agents/refutador.md	6c0098599d871f4a615b4b7927a06099d4c976785ea69e3849d6609ca01c14af
agent	execution/agents/revisor-codigo.md	agents/revisor-codigo.md	f082a92643fd293bcb5ebfdb2f066ebfaafe5e860f483d0d595e244b43bb9743
agent	execution/agents/revisor-frontend.md	agents/revisor-frontend.md	c8ff2223a8570e950c95f1b74f474a8978a18d014ee4e06c062c890f776a2672
agent	execution/agents/tdd.md	agents/tdd.md	c6be3b0981af0dcc6bb0c323ab5873ac81afbd1295995a72e7624ccd557661c2
skill	execution/skills/depreciar	skills/depreciar	bb1714e753ca796bb8e0b9037b3a201c455932dcebebc34820d896dac71cc74c
skill	execution/skills/design-system-proposal	skills/design-system-proposal	93a5852f67977b61607c7dd6c3cbf4839ef516880c256d0d73d92f0313124009
skill	execution/skills/forge	skills/forge	34ed31b2096993416a317a7cf4008d0152422104f953c12f7211d580f23962a8
skill	execution/skills/graphify	skills/graphify	4e2ba651342dbb5a3dcb3b440f2ea64db1c3ecd5e4636840987d09a4b2344bf3
skill	execution/skills/grill-me	skills/grill-me	6ac5c0ed3d81170cade87b9c6ac74bb1d0dd1940c03f8ea19eb64b18c2b7540c
skill	execution/skills/prd-to-issues	skills/prd-to-issues	a95c3ed2a50c7e686e4ce471f9c41753b1c60f0f3830a8101cd7abcbe8d04a3c
skill	execution/skills/prd-to-plan	skills/prd-to-plan	5d4e4011765284398acd75f9031dcabbed774807a808a379b65f9e92c3a56e7d
skill	execution/skills/write-a-prd	skills/write-a-prd	14e0c9418b57ffeac3db77314679cad0bb7c299a35ae2049b7d1c2fc16e319ac
adapter	execution/adapters/code/dotnet.json	tollens/adapters/code/dotnet.json	de8ce4993f738dd281683bf3297cb986bcc64b14dc4f968bb7fde75f94c1261a
adapter	execution/adapters/code/go.json	tollens/adapters/code/go.json	47162accddf5187301305bea16abe82dfbbd5f5ccca85d83ba4bf575d79e6b34
adapter	execution/adapters/code/java.json	tollens/adapters/code/java.json	c20e5d9ab26f6c95e330f136f53e6a764618362329166a2c8ee8240d9ad308fd
adapter	execution/adapters/code/node.json	tollens/adapters/code/node.json	d7527e402fd3c00b8fc361176ff2c3585081c076ad00d1f1ebec04044b2af7c8
adapter	execution/adapters/code/python.json	tollens/adapters/code/python.json	b3181e460a1ae8fccfe781af4dc3528c433e09bfcc36806664395e09c58e3e24
adapter	execution/adapters/code/rust.json	tollens/adapters/code/rust.json	a929e782685e9d382ab618b24950417981e6d8c6e306032593aa10cbcda6328b
adapter	execution/adapters/code/shell.json	tollens/adapters/code/shell.json	79192daf0c241a650d19c8420ef4726c134120800c106b7fef232f53ef3e7e2f
adapter	execution/adapters/documents/media.json	tollens/adapters/documents/media.json	129993753c56c801aea9d1aa7858ef09bd9987901a60155376644f590ed0c6f3
adapter	execution/adapters/documents/office.json	tollens/adapters/documents/office.json	29e93fa14a7e9b1656f58b2a50eac4087d1f508d6bf43797be00708deacd08d0
adapter	execution/adapters/documents/pdf.json	tollens/adapters/documents/pdf.json	608d015f4be9bc93bf0fe794ea4e76ab03cac8629b7a335d8f77eea2383407e3
adapter	execution/adapters/documents/spreadsheet.json	tollens/adapters/documents/spreadsheet.json	47212437ac417983cf8b1d46f0624173a39aa9906f66385950f0cedabfb386ec
doctool	execution/document-tools/doctool.sh	tollens/document-tools/doctool.sh	b405e94e410cbab0c6b986ae3a43d6a308f73c9ee6805d45ae7e9028932d439a
doctool	execution/document-tools/make_hostile_fixture.py	tollens/document-tools/make_hostile_fixture.py	7e32ef7353e8e06d6d02ebcd5ec4674cafcc51fadab64f2a2ca1fd2e827575ab
doctool	execution/document-tools/probe_sheet.py	tollens/document-tools/probe_sheet.py	acc8fdf6ef0a7f878f7f3a1076d663f4b6c4e5cf66c09b15169a1c8c6ea00fa7
doctool	execution/document-tools/profile_sheet.py	tollens/document-tools/profile_sheet.py	3cf2012f9ec22fa6be5cbebfaeb88cf760e15b35da53e8e06abdef476a69128f
doctool	execution/document-tools/query_sheet.py	tollens/document-tools/query_sheet.py	47df0d5d93ecef50b929348422ac83845349d173039958d876c01b58bdd2e3cf
