# tollens manifest - estado DESEJADO de ~/.claude
# gerado por install/manifest.sh; conferido por install/verify.sh
# tipo	origem	destino	sha256
hook	control/hooks/artifact-discipline.sh	hooks/artifact-discipline.sh	ed65b13a3ef01f819abbaedb612ad15f1138d6a3a8b58ef3dff20a52aa5787ea
hook	control/hooks/fable-guard.sh	hooks/fable-guard.sh	8d4a0cb16ec0ca7fc5d7db8c73eec32d601a0c4848be4bf7590021255add277b
hook	control/hooks/risk-trigger.sh	hooks/risk-trigger.sh	61a4c713fe597ee78ababa4441e9326f4c2de7448fcee4ff46d429541588827c
hook	control/hooks/self-mod-audit.sh	hooks/self-mod-audit.sh	6267201c3434ce7a8f77cf50216a96bb303ce9abcedb0153558dbf001681fe0c
hook	control/hooks/session-integrity.sh	hooks/session-integrity.sh	43aeb70ca13e2a7467319e929ab88cb9e99bc35f44ff3b0affa516c64114b882
hook	execution/hooks/ds4-notify.sh	hooks/ds4-notify.sh	6cd9d9d53491c91b2fd7f6701cb69d424a41fb66647d74d4990d7208bf883b26
hook	execution/hooks/graphify-scout-mode.sh	hooks/graphify-scout-mode.sh	76b8954fb91719b35ee14ba443724ec80399f5713760813723bc5a80e8d6a84d
hook	execution/hooks/lentes.sh	hooks/lentes.sh	155f78b9a5f38090af56ff9967cfb2766ef56052266330abfad1fb7f3e395fcf
hook	execution/hooks/output-budget.sh	hooks/output-budget.sh	62a321cc6b504d2f2520a7ff8db045cb765671eb530dc5827fba206e8b0c3fcb
hook	execution/hooks/poka-yoke-lint.sh	hooks/poka-yoke-lint.sh	1fc83e6b1c085de08588722c3b05cbd97bd4045ac5c6fefb445d520ffb636981
hook	execution/hooks/read-budget.sh	hooks/read-budget.sh	be6ed3268fcb7ebb85c3f21230d762fb64bc5bee3c7357a8da20076d451b3503
hook	evidence/hooks/subagent-contract.sh	hooks/subagent-contract.sh	adcbddb4b1fdee0f684da7a876e2413cae9271ba315b74599b931c62f5daad68
hook	evidence/hooks/subagent-probe.sh	hooks/subagent-probe.sh	9dd4623a90042f2beada89177e4619b78bed5582154bd6c8878cb54d82c3567a
hook	evidence/hooks/verify-gate.sh	hooks/verify-gate.sh	486427303de84d23e5e0e8da06151ad1c7107bb3841a721144a61cd7c96dd3c2
agent	execution/agents/analista-fluxos.md	agents/analista-fluxos.md	99416b8d46df8b26b860df81e5ef009c9fcd0b2c6b720504a3b898019e96f4f7
agent	execution/agents/analista-otimalidade.md	agents/analista-otimalidade.md	103b999f42aee7a8fdb6876fc0d3f120264f817eb99c1675db41b5395aff53aa
agent	execution/agents/auditor-seguranca.md	agents/auditor-seguranca.md	e5773f187f2a3c3645808b7430324b66f441b9d0960c2c59cec721e214482db0
agent	execution/agents/implementador.md	agents/implementador.md	2c20c15f057b380ce4289e1e4e6d203df809b3c75cd968a1673370fafe0ff7b4
agent	execution/agents/investigador.md	agents/investigador.md	541c8ab2a77e37c7d65ef6071a4e1a5cbf62cca4bae830c9770eb048781aa118
agent	execution/agents/mapeador-dependencias.md	agents/mapeador-dependencias.md	8c49d523eccf465b286d1d2ca24378232fe52205863c32dc7fbaaadbb683b41d
agent	execution/agents/refutador.md	agents/refutador.md	b0dab9880741ff62f94837f189c7ce32e76faa9f510be87ce23ac7eb55acd3b3
agent	execution/agents/revisor-codigo.md	agents/revisor-codigo.md	8554a970006c8204cfde4edde9c63fe562e0cf1c9b2b96e2f671d53f4625d952
agent	execution/agents/revisor-frontend.md	agents/revisor-frontend.md	b43009e7a342cd876c4ca449b347a39b8ab86b0376d1f028b2b5ef5f72cfa180
agent	execution/agents/tdd.md	agents/tdd.md	6b0b30563b41a7f359f43c6ea634ba1bd874a2910b948d6a6694dd9d754c51b2
skill	execution/skills/promoted/defesa-de-tese	skills/defesa-de-tese	33e282cf4eacdd6d1662228623f7350e2d38fae9430687bae96b4e9ad57815cc
skill	execution/skills/promoted/depreciar	skills/depreciar	647afa6582afe751543828000507306f13094f761bf3fad95d9a2e5349f0906e
skill	execution/skills/promoted/design-system-proposal	skills/design-system-proposal	8152dc286f00d1323eda6ead4b470eb0105f4c77d314e077079d8c73e9cfd3fb
skill	execution/skills/promoted/forge	skills/forge	491e0123d42c20f51d7846672ff1532b643ffd52c9f27264f86455e77ef9b451
skill	execution/skills/promoted/graphify	skills/graphify	4e2ba651342dbb5a3dcb3b440f2ea64db1c3ecd5e4636840987d09a4b2344bf3
skill	execution/skills/promoted/grill-me	skills/grill-me	9125a810c19759b55ca57af9ed890a884cf9c0d6d86cfeebda42fe197470cae0
skill	execution/skills/promoted/prd-to-issues	skills/prd-to-issues	28fa74f6c9063d20def2aea97f7dcd564a8de9c9b87e7a8c5d6edd3027ae193c
skill	execution/skills/promoted/prd-to-plan	skills/prd-to-plan	5d4e4011765284398acd75f9031dcabbed774807a808a379b65f9e92c3a56e7d
skill	execution/skills/promoted/write-a-prd	skills/write-a-prd	78248d589948b445705960a9b2e235a69624ba8c5f6f56ff5295590e6215111c
adapter	execution/adapters/code/dotnet.json	tollens/adapters/code/dotnet.json	de8ce4993f738dd281683bf3297cb986bcc64b14dc4f968bb7fde75f94c1261a
adapter	execution/adapters/code/go.json	tollens/adapters/code/go.json	47162accddf5187301305bea16abe82dfbbd5f5ccca85d83ba4bf575d79e6b34
adapter	execution/adapters/code/java.json	tollens/adapters/code/java.json	c20e5d9ab26f6c95e330f136f53e6a764618362329166a2c8ee8240d9ad308fd
adapter	execution/adapters/code/node.json	tollens/adapters/code/node.json	d7527e402fd3c00b8fc361176ff2c3585081c076ad00d1f1ebec04044b2af7c8
adapter	execution/adapters/code/python.json	tollens/adapters/code/python.json	b3181e460a1ae8fccfe781af4dc3528c433e09bfcc36806664395e09c58e3e24
adapter	execution/adapters/code/rust.json	tollens/adapters/code/rust.json	a929e782685e9d382ab618b24950417981e6d8c6e306032593aa10cbcda6328b
adapter	execution/adapters/code/shell.json	tollens/adapters/code/shell.json	79192daf0c241a650d19c8420ef4726c134120800c106b7fef232f53ef3e7e2f
adapter	execution/adapters/documents/media.json	tollens/adapters/documents/media.json	129993753c56c801aea9d1aa7858ef09bd9987901a60155376644f590ed0c6f3
adapter	execution/adapters/documents/office.json	tollens/adapters/documents/office.json	29e93fa14a7e9b1656f58b2a50eac4087d1f508d6bf43797be00708deacd08d0
adapter	execution/adapters/documents/pdf.json	tollens/adapters/documents/pdf.json	608d015f4be9bc93bf0fe794ea4e76ab03cac8629b7a335d8f77eea2383407e3
adapter	execution/adapters/documents/spreadsheet.json	tollens/adapters/documents/spreadsheet.json	47212437ac417983cf8b1d46f0624173a39aa9906f66385950f0cedabfb386ec
doctool	execution/document-tools/doctool.sh	tollens/document-tools/doctool.sh	e5be28fae28fc9b3942c1ae37d6418d147247c0488910f5d507e612e55d6e017
doctool	execution/document-tools/make_hostile_fixture.py	tollens/document-tools/make_hostile_fixture.py	7e32ef7353e8e06d6d02ebcd5ec4674cafcc51fadab64f2a2ca1fd2e827575ab
doctool	execution/document-tools/probe_sheet.py	tollens/document-tools/probe_sheet.py	acc8fdf6ef0a7f878f7f3a1076d663f4b6c4e5cf66c09b15169a1c8c6ea00fa7
doctool	execution/document-tools/profile_sheet.py	tollens/document-tools/profile_sheet.py	3cf2012f9ec22fa6be5cbebfaeb88cf760e15b35da53e8e06abdef476a69128f
doctool	execution/document-tools/query_sheet.py	tollens/document-tools/query_sheet.py	47df0d5d93ecef50b929348422ac83845349d173039958d876c01b58bdd2e3cf
